
Microsoft Visual Studio Solution File, Format Version 12.00
# Visual Studio Version 17
VisualStudioVersion = 17.13.35931.197 d17.13
MinimumVisualStudioVersion = 10.0.40219.1
Project("{FAE04EC0-301F-11D3-BF4B-00C04F79EFBC}") = "MauiAppHotel", "MauiAppHotel\MauiAppHotel.csproj", "{B56B0259-5C2D-48C9-8801-23F9F11AED1F}"
EndProject
Global
	GlobalSection(SolutionConfigurationPlatforms) = preSolution
		Debug|Any CPU = Debug|Any CPU
		Release|Any CPU = Release|Any CPU
	EndGlobalSection
	GlobalSection(ProjectConfigurationPlatforms) = postSolution
		{B56B0259-5C2D-48C9-8801-23F9F11AED1F}.Debug|Any CPU.ActiveCfg = Debug|Any CPU
		{B56B0259-5C2D-48C9-8801-23F9F11AED1F}.Debug|Any CPU.Build.0 = Debug|Any CPU
		{B56B0259-5C2D-48C9-8801-23F9F11AED1F}.Debug|Any CPU.Deploy.0 = Debug|Any CPU
		{B56B0259-5C2D-48C9-8801-23F9F11AED1F}.Release|Any CPU.ActiveCfg = Release|Any CPU
		{B56B0259-5C2D-48C9-8801-23F9F11AED1F}.Release|Any CPU.Build.0 = Release|Any CPU
		{B56B0259-5C2D-48C9-8801-23F9F11AED1F}.Release|Any CPU.Deploy.0 = Release|Any CPU
	EndGlobalSection
	GlobalSection(SolutionProperties) = preSolution
		HideSolutionNode = FALSE
	EndGlobalSection
	GlobalSection(ExtensibilityGlobals) = postSolution
		SolutionGuid = {4290923D-4C37-4267-A753-6BABB63BEE02}
	EndGlobalSection
EndGlobal
